// !$*UTF8*$!
{
	archiveVersion = 1;
	classes = {
	};
	objectVersion = 50;
	objects = {

/* Begin PBXBuildFile section */
		5AC9B15025157F4B00920B9F /* AppDelegate.swift in Sources */ = {isa = PBXBuildFile; fileRef = 5AC9B14F25157F4B00920B9F /* AppDelegate.swift */; };
		5AC9B15225157F4B00920B9F /* SceneDelegate.swift in Sources */ = {isa = PBXBuildFile; fileRef = 5AC9B15125157F4B00920B9F /* SceneDelegate.swift */; };
		5AC9B15425157F4B00920B9F /* ContentView.swift in Sources */ = {isa = PBXBuildFile; fileRef = 5AC9B15325157F4B00920B9F /* ContentView.swift */; };
		5AC9B15625157F5700920B9F /* Assets.xcassets in Resources */ = {isa = PBXBuildFile; fileRef = 5AC9B15525157F5700920B9F /* Assets.xcassets */; };
		5AC9B15925157F5700920B9F /* Preview Assets.xcassets in Resources */ = {isa = PBXBuildFile; fileRef = 5AC9B15825157F5700920B9F /* Preview Assets.xcassets */; };
		5AC9B15C25157F5700920B9F /* LaunchScreen.storyboard in Resources */ = {isa = PBXBuildFile; fileRef = 5AC9B15A25157F5700920B9F /* LaunchScreen.storyboard */; };
		5AC9B16725157F5700920B9F /* lecture1demoTests.swift in Sources */ = {isa = PBXBuildFile; fileRef = 5AC9B16625157F5700920B9F /* lecture1demoTests.swift */; };
		5AC9B17225157F5700920B9F /* lecture1demoUITests.swift in Sources */ = {isa = PBXBuildFile; fileRef = 5AC9B17125157F5700920B9F /* lecture1demoUITests.swift */; };
/* End PBXBuildFile section */

/* Begin PBXContainerItemProxy section */
		5AC9B16325157F5700920B9F /* PBXContainerItemProxy */ = {
			isa = PBXContainerItemProxy;
			containerPortal = 5AC9B14425157F4B00920B9F /* Project object */;
			proxyType = 1;
			remoteGlobalIDString = 5AC9B14B25157F4B00920B9F;
			remoteInfo = lecture1demo;
		};
		5AC9B16E25157F5700920B9F /* PBXContainerItemProxy */ = {
			isa = PBXContainerItemProxy;
			containerPortal = 5AC9B14425157F4B00920B9F /* Project object */;
			proxyType = 1;
			remoteGlobalIDString = 5AC9B14B25157F4B00920B9F;
			remoteInfo = lecture1demo;
		};
/* End PBXContainerItemProxy section */

/* Begin PBXFileReference section */
		5AC9B14C25157F4B00920B9F /* lecture1demo.app */ = {isa = PBXFileReference; explicitFileType = wrapper.application; includeInIndex = 0; path = lecture1demo.app; sourceTree = BUILT_PRODUCTS_DIR; };
		5AC9B14F25157F4B00920B9F /* AppDelegate.swift */ = {isa = PBXFileReference; lastKnownFileType = sourcecode.swift; path = AppDelegate.swift; sourceTree = "<group>"; };
		5AC9B15125157F4B00920B9F /* SceneDelegate.swift */ = {isa = PBXFileReference; lastKnownFileType = sourcecode.swift; path = SceneDelegate.swift; sourceTree = "<group>"; };
		5AC9B15325157F4B00920B9F /* ContentView.swift */ = {isa = PBXFileReference; lastKnownFileType = sourcecode.swift; path = ContentView.swift; sourceTree = "<group>"; };
		5AC9B15525157F5700920B9F /* Assets.xcassets */ = {isa = PBXFileReference; lastKnownFileType = folder.assetcatalog; path = Assets.xcassets; sourceTree = "<group>"; };
		5AC9B15825157F5700920B9F /* Preview Assets.xcassets */ = {isa = PBXFileReference; lastKnownFileType = folder.assetcatalog; path = "Preview Assets.xcassets"; sourceTree = "<group>"; };
		5AC9B15B25157F5700920B9F /* Base */ = {isa = PBXFileReference; lastKnownFileType = file.storyboard; name = Base; path = Base.lproj/LaunchScreen.storyboard; sourceTree = "<group>"; };
		5AC9B15D25157F5700920B9F /* Info.plist */ = {isa = PBXFileReference; lastKnownFileType = text.plist.xml; path = Info.plist; sourceTree = "<group>"; };
		5AC9B16225157F5700920B9F /* lecture1demoTests.xctest */ = {isa = PBXFileReference; explicitFileType = wrapper.cfbundle; includeInIndex = 0; path = lecture1demoTests.xctest; sourceTree = BUILT_PRODUCTS_DIR; };
		5AC9B16625157F5700920B9F /* lecture1demoTests.swift */ = {isa = PBXFileReference; lastKnownFileType = sourcecode.swift; path = lecture1demoTests.swift; sourceTree = "<group>"; };
		5AC9B16825157F5700920B9F /* Info.plist */ = {isa = PBXFileReference; lastKnownFileType = text.plist.xml; path = Info.plist; sourceTree = "<group>"; };
		5AC9B16D25157F5700920B9F /* lecture1demoUITests.xctest */ = {isa = PBXFileReference; explicitFileType = wrapper.cfbundle; includeInIndex = 0; path = lecture1demoUITests.xctest; sourceTree = BUILT_PRODUCTS_DIR; };
		5AC9B17125157F5700920B9F /* lecture1demoUITests.swift */ = {isa = PBXFileReference; lastKnownFileType = sourcecode.swift; path = lecture1demoUITests.swift; sourceTree = "<group>"; };
		5AC9B17325157F5700920B9F /* Info.plist */ = {isa = PBXFileReference; lastKnownFileType = text.plist.xml; path = Info.plist; sourceTree = "<group>"; };
/* End PBXFileReference section */

/* Begin PBXFrameworksBuildPhase section */
		5AC9B14925157F4B00920B9F /* Frameworks */ = {
			isa = PBXFrameworksBuildPhase;
			buildActionMask = 2147483647;
			files = (
			);
			runOnlyForDeploymentPostprocessing = 0;
		};
		5AC9B15F25157F5700920B9F /* Frameworks */ = {
			isa = PBXFrameworksBuildPhase;
			buildActionMask = 2147483647;
			files = (
			);
			runOnlyForDeploymentPostprocessing = 0;
		};
		5AC9B16A25157F5700920B9F /* Frameworks */ = {
			isa = PBXFrameworksBuildPhase;
			buildActionMask = 2147483647;
			files = (
			);
			runOnlyForDeploymentPostprocessing = 0;
		};
/* End PBXFrameworksBuildPhase section */

/* Begin PBXGroup section */
		5AC9B14325157F4B00920B9F = {
			isa = PBXGroup;
			children = (
				5AC9B14E25157F4B00920B9F /* lecture1demo */,
				5AC9B16525157F5700920B9F /* lecture1demoTests */,
				5AC9B17025157F5700920B9F /* lecture1demoUITests */,
				5AC9B14D25157F4B00920B9F /* Products */,
			);
			sourceTree = "<group>";
		};
		5AC9B14D25157F4B00920B9F /* Products */ = {
			isa = PBXGroup;
			children = (
				5AC9B14C25157F4B00920B9F /* lecture1demo.app */,
				5AC9B16225157F5700920B9F /* lecture1demoTests.xctest */,
				5AC9B16D25157F5700920B9F /* lecture1demoUITests.xctest */,
			);
			name = Products;
			sourceTree = "<group>";
		};
		5AC9B14E25157F4B00920B9F /* lecture1demo */ = {
			isa = PBXGroup;
			children = (
				5AC9B14F25157F4B00920B9F /* AppDelegate.swift */,
				5AC9B15125157F4B00920B9F /* SceneDelegate.swift */,
				5AC9B15325157F4B00920B9F /* ContentView.swift */,
				5AC9B15525157F5700920B9F /* Assets.xcassets */,
				5AC9B15A25157F5700920B9F /* LaunchScreen.storyboard */,
				5AC9B15D25157F5700920B9F /* Info.plist */,
				5AC9B15725157F5700920B9F /* Preview Content */,
			);
			path = lecture1demo;
			sourceTree = "<group>";
		};
		5AC9B15725157F5700920B9F /* Preview Content */ = {
			isa = PBXGroup;
			children = (
				5AC9B15825157F5700920B9F /* Preview Assets.xcassets */,
			);
			path = "Preview Content";
			sourceTree = "<group>";
		};
		5AC9B16525157F5700920B9F /* lecture1demoTests */ = {
			isa = PBXGroup;
			children = (
				5AC9B16625157F5700920B9F /* lecture1demoTests.swift */,
				5AC9B16825157F5700920B9F /* Info.plist */,
			);
			path = lecture1demoTests;
			sourceTree = "<group>";
		};
		5AC9B17025157F5700920B9F /* lecture1demoUITests */ = {
			isa = PBXGroup;
			children = (
				5AC9B17125157F5700920B9F /* lecture1demoUITests.swift */,
				5AC9B17325157F5700920B9F /* Info.plist */,
			);
			path = lecture1demoUITests;
			sourceTree = "<group>";
		};
/* End PBXGroup section */

/* Begin PBXNativeTarget section */
		5AC9B14B25157F4B00920B9F /* lecture1demo */ = {
			isa = PBXNativeTarget;
			buildConfigurationList = 5AC9B17625157F5700920B9F /* Build configuration list for PBXNativeTarget "lecture1demo" */;
			buildPhases = (
				5AC9B14825157F4B00920B9F /* Sources */,
				5AC9B14925157F4B00920B9F /* Frameworks */,
				5AC9B14A25157F4B00920B9F /* Resources */,
			);
			buildRules = (
			);
			dependencies = (
			);
			name = lecture1demo;
			productName = lecture1demo;
			productReference = 5AC9B14C25157F4B00920B9F /* lecture1demo.app */;
			productType = "com.apple.product-type.application";
		};
		5AC9B16125157F5700920B9F /* lecture1demoTests */ = {
			isa = PBXNativeTarget;
			buildConfigurationList = 5AC9B17925157F5700920B9F /* Build configuration list for PBXNativeTarget "lecture1demoTests" */;
			buildPhases = (
				5AC9B15E25157F5700920B9F /* Sources */,
				5AC9B15F25157F5700920B9F /* Frameworks */,
				5AC9B16025157F5700920B9F /* Resources */,
			);
			buildRules = (
			);
			dependencies = (
				5AC9B16425157F5700920B9F /* PBXTargetDependency */,
			);
			name = lecture1demoTests;
			productName = lecture1demoTests;
			productReference = 5AC9B16225157F5700920B9F /* lecture1demoTests.xctest */;
			productType = "com.apple.product-type.bundle.unit-test";
		};
		5AC9B16C25157F5700920B9F /* lecture1demoUITests */ = {
			isa = PBXNativeTarget;
			buildConfigurationList = 5AC9B17C25157F5700920B9F /* Build configuration list for PBXNativeTarget "lecture1demoUITests" */;
			buildPhases = (
				5AC9B16925157F5700920B9F /* Sources */,
				5AC9B16A25157F5700920B9F /* Frameworks */,
				5AC9B16B25157F5700920B9F /* Resources */,
			);
			buildRules = (
			);
			dependencies = (
				5AC9B16F25157F5700920B9F /* PBXTargetDependency */,
			);
			name = lecture1demoUITests;
			productName = lecture1demoUITests;
			productReference = 5AC9B16D25157F5700920B9F /* lecture1demoUITests.xctest */;
			productType = "com.apple.product-type.bundle.ui-testing";
		};
/* End PBXNativeTarget section */

/* Begin PBXProject section */
		5AC9B14425157F4B00920B9F /* Project object */ = {
			isa = PBXProject;
			attributes = {
				LastSwiftUpdateCheck = 1140;
				LastUpgradeCheck = 1140;
				ORGANIZATIONNAME = Admin;
				TargetAttributes = {
					5AC9B14B25157F4B00920B9F = {
						CreatedOnToolsVersion = 11.4.1;
					};
					5AC9B16125157F5700920B9F = {
						CreatedOnToolsVersion = 11.4.1;
						TestTargetID = 5AC9B14B25157F4B00920B9F;
					};
					5AC9B16C25157F5700920B9F = {
						CreatedOnToolsVersion = 11.4.1;
						TestTargetID = 5AC9B14B25157F4B00920B9F;
					};
				};
			};
			buildConfigurationList = 5AC9B14725157F4B00920B9F /* Build configuration list for PBXProject "lecture1demo" */;
			compatibilityVersion = "Xcode 9.3";
			developmentRegion = en;
			hasScannedForEncodings = 0;
			knownRegions = (
				en,
				Base,
			);
			mainGroup = 5AC9B14325157F4B00920B9F;
			productRefGroup = 5AC9B14D25157F4B00920B9F /* Products */;
			projectDirPath = "";
			projectRoot = "";
			targets = (
				5AC9B14B25157F4B00920B9F /* lecture1demo */,
				5AC9B16125157F5700920B9F /* lecture1demoTests */,
				5AC9B16C25157F5700920B9F /* lecture1demoUITests */,
			);
		};
/* End PBXProject section */

/* Begin PBXResourcesBuildPhase section */
		5AC9B14A25157F4B00920B9F /* Resources */ = {
			isa = PBXResourcesBuildPhase;
			buildActionMask = 2147483647;
			files = (
				5AC9B15C25157F5700920B9F /* LaunchScreen.storyboard in Resources */,
				5AC9B15925157F5700920B9F /* Preview Assets.xcassets in Resources */,
				5AC9B15625157F5700920B9F /* Assets.xcassets in Resources */,
			);
			runOnlyForDeploymentPostprocessing = 0;
		};
		5AC9B16025157F5700920B9F /* Resources */ = {
			isa = PBXResourcesBuildPhase;
			buildActionMask = 2147483647;
			files = (
			);
			runOnlyForDeploymentPostprocessing = 0;
		};
		5AC9B16B25157F5700920B9F /* Resources */ = {
			isa = PBXResourcesBuildPhase;
			buildActionMask = 2147483647;
			files = (
			);
			runOnlyForDeploymentPostprocessing = 0;
		};
/* End PBXResourcesBuildPhase section */

/* Begin PBXSourcesBuildPhase section */
		5AC9B14825157F4B00920B9F /* Sources */ = {
			isa = PBXSourcesBuildPhase;
			buildActionMask = 2147483647;
			files = (
				5AC9B15025157F4B00920B9F /* AppDelegate.swift in Sources */,
				5AC9B15225157F4B00920B9F /* SceneDelegate.swift in Sources */,
				5AC9B15425157F4B00920B9F /* ContentView.swift in Sources */,
			);
			runOnlyForDeploymentPostprocessing = 0;
		};
		5AC9B15E25157F5700920B9F /* Sources */ = {
			isa = PBXSourcesBuildPhase;
			buildActionMask = 2147483647;
			files = (
				5AC9B16725157F5700920B9F /* lecture1demoTests.swift in Sources */,
			);
			runOnlyForDeploymentPostprocessing = 0;
		};
		5AC9B16925157F5700920B9F /* Sources */ = {
			isa = PBXSourcesBuildPhase;
			buildActionMask = 2147483647;
			files = (
				5AC9B17225157F5700920B9F /* lecture1demoUITests.swift in Sources */,
			);
			runOnlyForDeploymentPostprocessing = 0;
		};
/* End PBXSourcesBuildPhase section */

/* Begin PBXTargetDependency section */
		5AC9B16425157F5700920B9F /* PBXTargetDependency */ = {
			isa = PBXTargetDependency;
			target = 5AC9B14B25157F4B00920B9F /* lecture1demo */;
			targetProxy = 5AC9B16325157F5700920B9F /* PBXContainerItemProxy */;
		};
		5AC9B16F25157F5700920B9F /* PBXTargetDependency */ = {
			isa = PBXTargetDependency;
			target = 5AC9B14B25157F4B00920B9F /* lecture1demo */;
			targetProxy = 5AC9B16E25157F5700920B9F /* PBXContainerItemProxy */;
		};
/* End PBXTargetDependency section */

/* Begin PBXVariantGroup section */
		5AC9B15A25157F5700920B9F /* LaunchScreen.storyboard */ = {
			isa = PBXVariantGroup;
			children = (
				5AC9B15B25157F5700920B9F /* Base */,
			);
			name = LaunchScreen.storyboard;
			sourceTree = "<group>";
		};
/* End PBXVariantGroup section */

/* Begin XCBuildConfiguration section */
		5AC9B17425157F5700920B9F /* Debug */ = {
			isa = XCBuildConfiguration;
			buildSettings = {
				ALWAYS_SEARCH_USER_PATHS = NO;
				CLANG_ANALYZER_NONNULL = YES;
				CLANG_ANALYZER_NUMBER_OBJECT_CONVERSION = YES_AGGRESSIVE;
				CLANG_CXX_LANGUAGE_STANDARD = "gnu++14";
				CLANG_CXX_LIBRARY = "libc++";
				CLANG_ENABLE_MODULES = YES;
				CLANG_ENABLE_OBJC_ARC = YES;
				CLANG_ENABLE_OBJC_WEAK = YES;
				CLANG_WARN_BLOCK_CAPTURE_AUTORELEASING = YES;
				CLANG_WARN_BOOL_CONVERSION = YES;
				CLANG_WARN_COMMA = YES;
				CLANG_WARN_CONSTANT_CONVERSION = YES;
				CLANG_WARN_DEPRECATED_OBJC_IMPLEMENTATIONS = YES;
				CLANG_WARN_DIRECT_OBJC_ISA_USAGE = YES_ERROR;
				CLANG_WARN_DOCUMENTATION_COMMENTS = YES;
				CLANG_WARN_EMPTY_BODY = YES;
				CLANG_WARN_ENUM_CONVERSION = YES;
				CLANG_WARN_INFINITE_RECURSION = YES;
				CLANG_WARN_INT_CONVERSION = YES;
				CLANG_WARN_NON_LITERAL_NULL_CONVERSION = YES;
				CLANG_WARN_OBJC_IMPLICIT_RETAIN_SELF = YES;
				CLANG_WARN_OBJC_LITERAL_CONVERSION = YES;
				CLANG_WARN_OBJC_ROOT_CLASS = YES_ERROR;
				CLANG_WARN_RANGE_LOOP_ANALYSIS = YES;
				CLANG_WARN_STRICT_PROTOTYPES = YES;
				CLANG_WARN_SUSPICIOUS_MOVE = YES;
				CLANG_WARN_UNGUARDED_AVAILABILITY = YES_AGGRESSIVE;
				CLANG_WARN_UNREACHABLE_CODE = YES;
				CLANG_WARN__DUPLICATE_METHOD_MATCH = YES;
				COPY_PHASE_STRIP = NO;
				DEBUG_INFORMATION_FORMAT = dwarf;
				ENABLE_STRICT_OBJC_MSGSEND = YES;
				ENABLE_TESTABILITY = YES;
				GCC_C_LANGUAGE_STANDARD = gnu11;
				GCC_DYNAMIC_NO_PIC = NO;
				GCC_NO_COMMON_BLOCKS = YES;
				GCC_OPTIMIZATION_LEVEL = 0;
				GCC_PREPROCESSOR_DEFINITIONS = (
					"DEBUG=1",
					"$(inherited)",
				);
				GCC_WARN_64_TO_32_BIT_CONVERSION = YES;
				GCC_WARN_ABOUT_RETURN_TYPE = YES_ERROR;
				GCC_WARN_UNDECLARED_SELECTOR = YES;
				GCC_WARN_UNINITIALIZED_AUTOS = YES_AGGRESSIVE;
				GCC_WARN_UNUSED_FUNCTION = YES;
				GCC_WARN_UNUSED_VARIABLE = YES;
				IPHONEOS_DEPLOYMENT_TARGET = 13.4;
				MTL_ENABLE_DEBUG_INFO = INCLUDE_SOURCE;
				MTL_FAST_MATH = YES;
				ONLY_ACTIVE_ARCH = YES;
				SDKROOT = iphoneos;
				SWIFT_ACTIVE_COMPILATION_CONDITIONS = DEBUG;
				SWIFT_OPTIMIZATION_LEVEL = "-Onone";
			};
			name = Debug;
		};
		5AC9B17525157F5700920B9F /* Release */ = {
			isa = XCBuildConfiguration;
			buildSettings = {
				ALWAYS_SEARCH_USER_PATHS = NO;
				CLANG_ANALYZER_NONNULL = YES;
				CLANG_ANALYZER_NUMBER_OBJECT_CONVERSION = YES_AGGRESSIVE;
				CLANG_CXX_LANGUAGE_STANDARD = "gnu++14";
				CLANG_CXX_LIBRARY = "libc++";
				CLANG_ENABLE_MODULES = YES;
				CLANG_ENABLE_OBJC_ARC = YES;
				CLANG_ENABLE_OBJC_WEAK = YES;
				CLANG_WARN_BLOCK_CAPTURE_AUTORELEASING = YES;
				CLANG_WARN_BOOL_CONVERSION = YES;
				CLANG_WARN_COMMA = YES;
				CLANG_WARN_CONSTANT_CONVERSION = YES;
				CLANG_WARN_DEPRECATED_OBJC_IMPLEMENTATIONS = YES;
				CLANG_WARN_DIRECT_OBJC_ISA_USAGE = YES_ERROR;
				CLANG_WARN_DOCUMENTATION_COMMENTS = YES;
				CLANG_WARN_EMPTY_BODY = YES;
				CLANG_WARN_ENUM_CONVERSION = YES;
				CLANG_WARN_INFINITE_RECURSION = YES;
				CLANG_WARN_INT_CONVERSION = YES;
				CLANG_WARN_NON_LITERAL_NULL_CONVERSION = YES;
				CLANG_WARN_OBJC_IMPLICIT_RETAIN_SELF = YES;
				CLANG_WARN_OBJC_LITERAL_CONVERSION = YES;
				CLANG_WARN_OBJC_ROOT_CLASS = YES_ERROR;
				CLANG_WARN_RANGE_LOOP_ANALYSIS = YES;
				CLANG_WARN_STRICT_PROTOTYPES = YES;
				CLANG_WARN_SUSPICIOUS_MOVE = YES;
				CLANG_WARN_UNGUARDED_AVAILABILITY = YES_AGGRESSIVE;
				CLANG_WARN_UNREACHABLE_CODE = YES;
				CLANG_WARN__DUPLICATE_METHOD_MATCH = YES;
				COPY_PHASE_STRIP = NO;
				DEBUG_INFORMATION_FORMAT = "dwarf-with-dsym";
				ENABLE_NS_ASSERTIONS = NO;
				ENABLE_STRICT_OBJC_MSGSEND = YES;
				GCC_C_LANGUAGE_STANDARD = gnu11;
				GCC_NO_COMMON_BLOCKS = YES;
				GCC_WARN_64_TO_32_BIT_CONVERSION = YES;
				GCC_WARN_ABOUT_RETURN_TYPE = YES_ERROR;
				GCC_WARN_UNDECLARED_SELECTOR = YES;
				GCC_WARN_UNINITIALIZED_AUTOS = YES_AGGRESSIVE;
				GCC_WARN_UNUSED_FUNCTION = YES;
				GCC_WARN_UNUSED_VARIABLE = YES;
				IPHONEOS_DEPLOYMENT_TARGET = 13.4;
				MTL_ENABLE_DEBUG_INFO = NO;
				MTL_FAST_MATH = YES;
				SDKROOT = iphoneos;
				SWIFT_COMPILATION_MODE = wholemodule;
				SWIFT_OPTIMIZATION_LEVEL = "-O";
				VALIDATE_PRODUCT = YES;
			};
			name = Release;
		};
		5AC9B17725157F5700920B9F /* Debug */ = {
			isa = XCBuildConfiguration;
			buildSettings = {
				ASSETCATALOG_COMPILER_APPICON_NAME = AppIcon;
				CODE_SIGN_STYLE = Automatic;
				DEVELOPMENT_ASSET_PATHS = "\"lecture1demo/Preview Content\"";
				ENABLE_PREVIEWS = YES;
				INFOPLIST_FILE = lecture1demo/Info.plist;
				LD_RUNPATH_SEARCH_PATHS = (
					"$(inherited)",
					"@executable_path/Frameworks",
				);
				PRODUCT_BUNDLE_IDENTIFIER = admin.lecture1demo;
				PRODUCT_NAME = "$(TARGET_NAME)";
				SWIFT_VERSION = 5.0;
				TARGETED_DEVICE_FAMILY = "1,2";
			};
			name = Debug;
		};
		5AC9B17825157F5700920B9F /* Release */ = {
			isa = XCBuildConfiguration;
			buildSettings = {
				ASSETCATALOG_COMPILER_APPICON_NAME = AppIcon;
				CODE_SIGN_STYLE = Automatic;
				DEVELOPMENT_ASSET_PATHS = "\"lecture1demo/Preview Content\"";
				ENABLE_PREVIEWS = YES;
				INFOPLIST_FILE = lecture1demo/Info.plist;
				LD_RUNPATH_SEARCH_PATHS = (
					"$(inherited)",
					"@executable_path/Frameworks",
				);
				PRODUCT_BUNDLE_IDENTIFIER = admin.lecture1demo;
				PRODUCT_NAME = "$(TARGET_NAME)";
				SWIFT_VERSION = 5.0;
				TARGETED_DEVICE_FAMILY = "1,2";
			};
			name = Release;
		};
		5AC9B17A25157F5700920B9F /* Debug */ = {
			isa = XCBuildConfiguration;
			buildSettings = {
				ALWAYS_EMBED_SWIFT_STANDARD_LIBRARIES = YES;
				BUNDLE_LOADER = "$(TEST_HOST)";
				CODE_SIGN_STYLE = Automatic;
				INFOPLIST_FILE = lecture1demoTests/Info.plist;
				IPHONEOS_DEPLOYMENT_TARGET = 13.4;
				LD_RUNPATH_SEARCH_PATHS = (
					"$(inherited)",
					"@executable_path/Frameworks",
					"@loader_path/Frameworks",
				);
				PRODUCT_BUNDLE_IDENTIFIER = admin.lecture1demoTests;
				PRODUCT_NAME = "$(TARGET_NAME)";
				SWIFT_VERSION = 5.0;
				TARGETED_DEVICE_FAMILY = "1,2";
				TEST_HOST = "$(BUILT_PRODUCTS_DIR)/lecture1demo.app/lecture1demo";
			};
			name = Debug;
		};
		5AC9B17B25157F5700920B9F /* Release */ = {
			isa = XCBuildConfiguration;
			buildSettings = {
				ALWAYS_EMBED_SWIFT_STANDARD_LIBRARIES = YES;
				BUNDLE_LOADER = "$(TEST_HOST)";
				CODE_SIGN_STYLE = Automatic;
				INFOPLIST_FILE = lecture1demoTests/Info.plist;
				IPHONEOS_DEPLOYMENT_TARGET = 13.4;
				LD_RUNPATH_SEARCH_PATHS = (
					"$(inherited)",
					"@executable_path/Frameworks",
					"@loader_path/Frameworks",
				);
				PRODUCT_BUNDLE_IDENTIFIER = admin.lecture1demoTests;
				PRODUCT_NAME = "$(TARGET_NAME)";
				SWIFT_VERSION = 5.0;
				TARGETED_DEVICE_FAMILY = "1,2";
				TEST_HOST = "$(BUILT_PRODUCTS_DIR)/lecture1demo.app/lecture1demo";
			};
			name = Release;
		};
		5AC9B17D25157F5700920B9F /* Debug */ = {
			isa = XCBuildConfiguration;
			buildSettings = {
				ALWAYS_EMBED_SWIFT_STANDARD_LIBRARIES = YES;
				CODE_SIGN_STYLE = Automatic;
				INFOPLIST_FILE = lecture1demoUITests/Info.plist;
				LD_RUNPATH_SEARCH_PATHS = (
					"$(inherited)",
					"@executable_path/Frameworks",
					"@loader_path/Frameworks",
				);
				PRODUCT_BUNDLE_IDENTIFIER = admin.lecture1demoUITests;
				PRODUCT_NAME = "$(TARGET_NAME)";
				SWIFT_VERSION = 5.0;
				TARGETED_DEVICE_FAMILY = "1,2";
				TEST_TARGET_NAME = lecture1demo;
			};
			name = Debug;
		};
		5AC9B17E25157F5700920B9F /* Release */ = {
			isa = XCBuildConfiguration;
			buildSettings = {
				ALWAYS_EMBED_SWIFT_STANDARD_LIBRARIES = YES;
				CODE_SIGN_STYLE = Automatic;
				INFOPLIST_FILE = lecture1demoUITests/Info.plist;
				LD_RUNPATH_SEARCH_PATHS = (
					"$(inherited)",
					"@executable_path/Frameworks",
					"@loader_path/Frameworks",
				);
				PRODUCT_BUNDLE_IDENTIFIER = admin.lecture1demoUITests;
				PRODUCT_NAME = "$(TARGET_NAME)";
				SWIFT_VERSION = 5.0;
				TARGETED_DEVICE_FAMILY = "1,2";
				TEST_TARGET_NAME = lecture1demo;
			};
			name = Release;
		};
/* End XCBuildConfiguration section */

/* Begin XCConfigurationList section */
		5AC9B14725157F4B00920B9F /* Build configuration list for PBXProject "lecture1demo" */ = {
			isa = XCConfigurationList;
			buildConfigurations = (
				5AC9B17425157F5700920B9F /* Debug */,
				5AC9B17525157F5700920B9F /* Release */,
			);
			defaultConfigurationIsVisible = 0;
			defaultConfigurationName = Release;
		};
		5AC9B17625157F5700920B9F /* Build configuration list for PBXNativeTarget "lecture1demo" */ = {
			isa = XCConfigurationList;
			buildConfigurations = (
				5AC9B17725157F5700920B9F /* Debug */,
				5AC9B17825157F5700920B9F /* Release */,
			);
			defaultConfigurationIsVisible = 0;
			defaultConfigurationName = Release;
		};
		5AC9B17925157F5700920B9F /* Build configuration list for PBXNativeTarget "lecture1demoTests" */ = {
			isa = XCConfigurationList;
			buildConfigurations = (
				5AC9B17A25157F5700920B9F /* Debug */,
				5AC9B17B25157F5700920B9F /* Release */,
			);
			defaultConfigurationIsVisible = 0;
			defaultConfigurationName = Release;
		};
		5AC9B17C25157F5700920B9F /* Build configuration list for PBXNativeTarget "lecture1demoUITests" */ = {
			isa = XCConfigurationList;
			buildConfigurations = (
				5AC9B17D25157F5700920B9F /* Debug */,
				5AC9B17E25157F5700920B9F /* Release */,
			);
			defaultConfigurationIsVisible = 0;
			defaultConfigurationName = Release;
		};
/* End XCConfigurationList section */
	};
	rootObject = 5AC9B14425157F4B00920B9F /* Project object */;
}
